Microsoft Visual Studio Solution File, Format Version 12.00
# Visual Studio Version 17
VisualStudioVersion = 17.5.2.0
MinimumVisualStudioVersion = 10.0.40219.1
Project("{FAE04EC0-301F-11D3-BF4B-00C04F79EFBC}") = "SnapraidDeamonApi", "SnapraidDeamonApi.csproj", "{F8949902-4FA3-6935-8408-6275FFD64E7D}"
EndProject
Global
	GlobalSection(SolutionConfigurationPlatforms) = preSolution
		Debug|Any CPU = Debug|Any CPU
		Release|Any CPU = Release|Any CPU
	EndGlobalSection
	GlobalSection(ProjectConfigurationPlatforms) = postSolution
		{F8949902-4FA3-6935-8408-6275FFD64E7D}.Debug|Any CPU.ActiveCfg = Debug|Any CPU
		{F8949902-4FA3-6935-8408-6275FFD64E7D}.Debug|Any CPU.Build.0 = Debug|Any CPU
		{F8949902-4FA3-6935-8408-6275FFD64E7D}.Release|Any CPU.ActiveCfg = Release|Any CPU
		{F8949902-4FA3-6935-8408-6275FFD64E7D}.Release|Any CPU.Build.0 = Release|Any CPU
	EndGlobalSection
	GlobalSection(SolutionProperties) = preSolution
		HideSolutionNode = FALSE
	EndGlobalSection
	GlobalSection(ExtensibilityGlobals) = postSolution
		SolutionGuid = {6BA92208-DC4F-4EAB-A59B-F216BDD5A3D5}
	EndGlobalSection
EndGlobal
